
Microsoft Visual Studio Solution File, Format Version 12.00
# Visual Studio Version 17
VisualStudioVersion = 17.4.33403.182
MinimumVisualStudioVersion = 10.0.40219.1
Project("{FAE04EC0-301F-11D3-BF4B-00C04F79EFBC}") = "CW18_1", "CW18_1\CW18_1.csproj", "{2760886A-0EE9-4437-BA2D-9DF6C069F2A7}"
EndProject
Global
	GlobalSection(SolutionConfigurationPlatforms) = preSolution
		Debug|Any CPU = Debug|Any CPU
		Release|Any CPU = Release|Any CPU
	EndGlobalSection
	GlobalSection(ProjectConfigurationPlatforms) = postSolution
		{2760886A-0EE9-4437-BA2D-9DF6C069F2A7}.Debug|Any CPU.ActiveCfg = Debug|Any CPU
		{2760886A-0EE9-4437-BA2D-9DF6C069F2A7}.Debug|Any CPU.Build.0 = Debug|Any CPU
		{2760886A-0EE9-4437-BA2D-9DF6C069F2A7}.Release|Any CPU.ActiveCfg = Release|Any CPU
		{2760886A-0EE9-4437-BA2D-9DF6C069F2A7}.Release|Any CPU.Build.0 = Release|Any CPU
	EndGlobalSection
	GlobalSection(SolutionProperties) = preSolution
		HideSolutionNode = FALSE
	EndGlobalSection
	GlobalSection(ExtensibilityGlobals) = postSolution
		SolutionGuid = {65EC9404-EEB8-49C5-B1E2-32339B1FE7A2}
	EndGlobalSection
EndGlobal
